<?xml version="1.0" encoding="UTF-8"?>
<!DOCTYPE plist PUBLIC "-//Apple//DTD PLIST 1.0//EN" "http://www.apple.com/DTDs/PropertyList-1.0.dtd">
<plist version="1.0">
<dict>
	<key>archiveVersion</key>
	<string>1</string>
	<key>classes</key>
	<dict/>
	<key>objectVersion</key>
	<string>46</string>
	<key>objects</key>
	<dict>
		<key>06848AD563EA471D848931FE</key>
		<dict>
			<key>includeInIndex</key>
			<string>1</string>
			<key>isa</key>
			<string>PBXFileReference</string>
			<key>lastKnownFileType</key>
			<string>text.xcconfig</string>
			<key>name</key>
			<string>Pods.xcconfig</string>
			<key>path</key>
			<string>Pods/Pods.xcconfig</string>
			<key>sourceTree</key>
			<string>&lt;group&gt;</string>
		</dict>
		<key>165D81BC23F54BEEAC5A6645</key>
		<dict>
			<key>explicitFileType</key>
			<string>archive.ar</string>
			<key>includeInIndex</key>
			<string>0</string>
			<key>isa</key>
			<string>PBXFileReference</string>
			<key>path</key>
			<string>libPods.a</string>
			<key>sourceTree</key>
			<string>BUILT_PRODUCTS_DIR</string>
		</dict>
		<key>3234C95D81B54D0CA35A0302</key>
		<dict>
			<key>buildActionMask</key>
			<string>2147483647</string>
			<key>files</key>
			<array/>
			<key>inputPaths</key>
			<array/>
			<key>isa</key>
			<string>PBXShellScriptBuildPhase</string>
			<key>name</key>
			<string>Copy Pods Resources</string>
			<key>outputPaths</key>
			<array/>
			<key>runOnlyForDeploymentPostprocessing</key>
			<string>0</string>
			<key>shellPath</key>
			<string>/bin/sh</string>
			<key>shellScript</key>
			<string>"${SRCROOT}/Pods/Pods-resources.sh"
</string>
			<key>showEnvVarsInLog</key>
			<string>0</string>
		</dict>
		<key>6C99621A18BF9EBF00020723</key>
		<dict>
			<key>fileEncoding</key>
			<string>4</string>
			<key>isa</key>
			<string>PBXFileReference</string>
			<key>lastKnownFileType</key>
			<string>sourcecode.c.h</string>
			<key>name</key>
			<string>PAPasscodeContainerViewController.h</string>
			<key>path</key>
			<string>../../PAPasscode/PAPasscodeContainerViewController.h</string>
			<key>sourceTree</key>
			<string>&lt;group&gt;</string>
		</dict>
		<key>6C99621B18BF9EBF00020723</key>
		<dict>
			<key>fileEncoding</key>
			<string>4</string>
			<key>isa</key>
			<string>PBXFileReference</string>
			<key>lastKnownFileType</key>
			<string>sourcecode.c.objc</string>
			<key>name</key>
			<string>PAPasscodeContainerViewController.m</string>
			<key>path</key>
			<string>../../PAPasscode/PAPasscodeContainerViewController.m</string>
			<key>sourceTree</key>
			<string>&lt;group&gt;</string>
		</dict>
		<key>6C99621C18BF9EBF00020723</key>
		<dict>
			<key>fileRef</key>
			<string>6C99621B18BF9EBF00020723</string>
			<key>isa</key>
			<string>PBXBuildFile</string>
		</dict>
		<key>9208C449162C547900D7B1F7</key>
		<dict>
			<key>children</key>
			<array>
				<string>9208C45E162C547900D7B1F7</string>
				<string>9208C457162C547900D7B1F7</string>
				<string>9208C455162C547900D7B1F7</string>
				<string>06848AD563EA471D848931FE</string>
			</array>
			<key>isa</key>
			<string>PBXGroup</string>
			<key>sourceTree</key>
			<string>&lt;group&gt;</string>
		</dict>
		<key>9208C44B162C547900D7B1F7</key>
		<dict>
			<key>attributes</key>
			<dict>
				<key>LastUpgradeCheck</key>
				<string>0450</string>
				<key>ORGANIZATIONNAME</key>
				<string>Peer Assembly</string>
			</dict>
			<key>buildConfigurationList</key>
			<string>9208C44E162C547900D7B1F7</string>
			<key>compatibilityVersion</key>
			<string>Xcode 3.2</string>
			<key>developmentRegion</key>
			<string>English</string>
			<key>hasScannedForEncodings</key>
			<string>0</string>
			<key>isa</key>
			<string>PBXProject</string>
			<key>knownRegions</key>
			<array>
				<string>en</string>
			</array>
			<key>mainGroup</key>
			<string>9208C449162C547900D7B1F7</string>
			<key>productRefGroup</key>
			<string>9208C455162C547900D7B1F7</string>
			<key>projectDirPath</key>
			<string></string>
			<key>projectReferences</key>
			<array/>
			<key>projectRoot</key>
			<string></string>
			<key>targets</key>
			<array>
				<string>9208C453162C547900D7B1F7</string>
			</array>
		</dict>
		<key>9208C44E162C547900D7B1F7</key>
		<dict>
			<key>buildConfigurations</key>
			<array>
				<string>9208C48E162C547900D7B1F7</string>
				<string>9208C48F162C547900D7B1F7</string>
			</array>
			<key>defaultConfigurationIsVisible</key>
			<string>0</string>
			<key>defaultConfigurationName</key>
			<string>Release</string>
			<key>isa</key>
			<string>XCConfigurationList</string>
		</dict>
		<key>9208C450162C547900D7B1F7</key>
		<dict>
			<key>buildActionMask</key>
			<string>2147483647</string>
			<key>files</key>
			<array>
				<string>9208C465162C547900D7B1F7</string>
				<string>9208C469162C547900D7B1F7</string>
				<string>9208C472162C547900D7B1F7</string>
				<string>92471370162CCA890085CDA3</string>
				<string>6C99621C18BF9EBF00020723</string>
			</array>
			<key>isa</key>
			<string>PBXSourcesBuildPhase</string>
			<key>runOnlyForDeploymentPostprocessing</key>
			<string>0</string>
		</dict>
		<key>9208C451162C547900D7B1F7</key>
		<dict>
			<key>buildActionMask</key>
			<string>2147483647</string>
			<key>files</key>
			<array>
				<string>92471367162CB60D0085CDA3</string>
				<string>9208C459162C547900D7B1F7</string>
				<string>9208C45B162C547900D7B1F7</string>
				<string>9208C45D162C547900D7B1F7</string>
				<string>C0122EDFD330450B99AF9DBF</string>
			</array>
			<key>isa</key>
			<string>PBXFrameworksBuildPhase</string>
			<key>runOnlyForDeploymentPostprocessing</key>
			<string>0</string>
		</dict>
		<key>9208C452162C547900D7B1F7</key>
		<dict>
			<key>buildActionMask</key>
			<string>2147483647</string>
			<key>files</key>
			<array>
				<string>9208C463162C547900D7B1F7</string>
				<string>9208C46B162C547900D7B1F7</string>
				<string>9208C46D162C547900D7B1F7</string>
				<string>9208C46F162C547900D7B1F7</string>
				<string>9208C475162C547900D7B1F7</string>
				<string>9208C478162C547900D7B1F7</string>
				<string>92471377162CCAB30085CDA3</string>
				<string>92471378162CCAB30085CDA3</string>
				<string>92471379162CCAB30085CDA3</string>
				<string>9247137A162CCAB30085CDA3</string>
				<string>9247137B162CCAB30085CDA3</string>
				<string>9247137C162CCAB30085CDA3</string>
			</array>
			<key>isa</key>
			<string>PBXResourcesBuildPhase</string>
			<key>runOnlyForDeploymentPostprocessing</key>
			<string>0</string>
		</dict>
		<key>9208C453162C547900D7B1F7</key>
		<dict>
			<key>buildConfigurationList</key>
			<string>9208C490162C547900D7B1F7</string>
			<key>buildPhases</key>
			<array>
				<string>A7AD5CA4943444B2BB46D432</string>
				<string>9208C450162C547900D7B1F7</string>
				<string>9208C451162C547900D7B1F7</string>
				<string>9208C452162C547900D7B1F7</string>
				<string>3234C95D81B54D0CA35A0302</string>
			</array>
			<key>buildRules</key>
			<array/>
			<key>dependencies</key>
			<array/>
			<key>isa</key>
			<string>PBXNativeTarget</string>
			<key>name</key>
			<string>PAPasscode Example</string>
			<key>productName</key>
			<string>PAPasscode Example</string>
			<key>productReference</key>
			<string>9208C454162C547900D7B1F7</string>
			<key>productType</key>
			<string>com.apple.product-type.application</string>
		</dict>
		<key>9208C454162C547900D7B1F7</key>
		<dict>
			<key>explicitFileType</key>
			<string>wrapper.application</string>
			<key>includeInIndex</key>
			<string>0</string>
			<key>isa</key>
			<string>PBXFileReference</string>
			<key>path</key>
			<string>PAPasscode Example.app</string>
			<key>sourceTree</key>
			<string>BUILT_PRODUCTS_DIR</string>
		</dict>
		<key>9208C455162C547900D7B1F7</key>
		<dict>
			<key>children</key>
			<array>
				<string>9208C454162C547900D7B1F7</string>
			</array>
			<key>isa</key>
			<string>PBXGroup</string>
			<key>name</key>
			<string>Products</string>
			<key>sourceTree</key>
			<string>&lt;group&gt;</string>
		</dict>
		<key>9208C457162C547900D7B1F7</key>
		<dict>
			<key>children</key>
			<array>
				<string>92471366162CB60D0085CDA3</string>
				<string>9208C458162C547900D7B1F7</string>
				<string>9208C45A162C547900D7B1F7</string>
				<string>9208C45C162C547900D7B1F7</string>
				<string>9208C47F162C547900D7B1F7</string>
				<string>165D81BC23F54BEEAC5A6645</string>
			</array>
			<key>isa</key>
			<string>PBXGroup</string>
			<key>name</key>
			<string>Frameworks</string>
			<key>sourceTree</key>
			<string>&lt;group&gt;</string>
		</dict>
		<key>9208C458162C547900D7B1F7</key>
		<dict>
			<key>isa</key>
			<string>PBXFileReference</string>
			<key>lastKnownFileType</key>
			<string>wrapper.framework</string>
			<key>name</key>
			<string>UIKit.framework</string>
			<key>path</key>
			<string>System/Library/Frameworks/UIKit.framework</string>
			<key>sourceTree</key>
			<string>SDKROOT</string>
		</dict>
		<key>9208C459162C547900D7B1F7</key>
		<dict>
			<key>fileRef</key>
			<string>9208C458162C547900D7B1F7</string>
			<key>isa</key>
			<string>PBXBuildFile</string>
		</dict>
		<key>9208C45A162C547900D7B1F7</key>
		<dict>
			<key>isa</key>
			<string>PBXFileReference</string>
			<key>lastKnownFileType</key>
			<string>wrapper.framework</string>
			<key>name</key>
			<string>Foundation.framework</string>
			<key>path</key>
			<string>System/Library/Frameworks/Foundation.framework</string>
			<key>sourceTree</key>
			<string>SDKROOT</string>
		</dict>
		<key>9208C45B162C547900D7B1F7</key>
		<dict>
			<key>fileRef</key>
			<string>9208C45A162C547900D7B1F7</string>
			<key>isa</key>
			<string>PBXBuildFile</string>
		</dict>
		<key>9208C45C162C547900D7B1F7</key>
		<dict>
			<key>isa</key>
			<string>PBXFileReference</string>
			<key>lastKnownFileType</key>
			<string>wrapper.framework</string>
			<key>name</key>
			<string>CoreGraphics.framework</string>
			<key>path</key>
			<string>System/Library/Frameworks/CoreGraphics.framework</string>
			<key>sourceTree</key>
			<string>SDKROOT</string>
		</dict>
		<key>9208C45D162C547900D7B1F7</key>
		<dict>
			<key>fileRef</key>
			<string>9208C45C162C547900D7B1F7</string>
			<key>isa</key>
			<string>PBXBuildFile</string>
		</dict>
		<key>9208C45E162C547900D7B1F7</key>
		<dict>
			<key>children</key>
			<array>
				<string>9247136D162CCA6F0085CDA3</string>
				<string>9208C467162C547900D7B1F7</string>
				<string>9208C468162C547900D7B1F7</string>
				<string>9208C470162C547900D7B1F7</string>
				<string>9208C471162C547900D7B1F7</string>
				<string>9208C473162C547900D7B1F7</string>
				<string>9208C476162C547900D7B1F7</string>
				<string>9208C45F162C547900D7B1F7</string>
			</array>
			<key>isa</key>
			<string>PBXGroup</string>
			<key>path</key>
			<string>PAPasscode Example</string>
			<key>sourceTree</key>
			<string>&lt;group&gt;</string>
		</dict>
		<key>9208C45F162C547900D7B1F7</key>
		<dict>
			<key>children</key>
			<array>
				<string>9208C460162C547900D7B1F7</string>
				<string>9208C461162C547900D7B1F7</string>
				<string>9208C464162C547900D7B1F7</string>
				<string>9208C466162C547900D7B1F7</string>
				<string>9208C46A162C547900D7B1F7</string>
				<string>9208C46C162C547900D7B1F7</string>
				<string>9208C46E162C547900D7B1F7</string>
			</array>
			<key>isa</key>
			<string>PBXGroup</string>
			<key>name</key>
			<string>Supporting Files</string>
			<key>sourceTree</key>
			<string>&lt;group&gt;</string>
		</dict>
		<key>9208C460162C547900D7B1F7</key>
		<dict>
			<key>isa</key>
			<string>PBXFileReference</string>
			<key>lastKnownFileType</key>
			<string>text.plist.xml</string>
			<key>path</key>
			<string>PAPasscode Example-Info.plist</string>
			<key>sourceTree</key>
			<string>&lt;group&gt;</string>
		</dict>
		<key>9208C461162C547900D7B1F7</key>
		<dict>
			<key>children</key>
			<array>
				<string>9208C462162C547900D7B1F7</string>
			</array>
			<key>isa</key>
			<string>PBXVariantGroup</string>
			<key>name</key>
			<string>InfoPlist.strings</string>
			<key>sourceTree</key>
			<string>&lt;group&gt;</string>
		</dict>
		<key>9208C462162C547900D7B1F7</key>
		<dict>
			<key>isa</key>
			<string>PBXFileReference</string>
			<key>lastKnownFileType</key>
			<string>text.plist.strings</string>
			<key>name</key>
			<string>en</string>
			<key>path</key>
			<string>en.lproj/InfoPlist.strings</string>
			<key>sourceTree</key>
			<string>&lt;group&gt;</string>
		</dict>
		<key>9208C463162C547900D7B1F7</key>
		<dict>
			<key>fileRef</key>
			<string>9208C461162C547900D7B1F7</string>
			<key>isa</key>
			<string>PBXBuildFile</string>
		</dict>
		<key>9208C464162C547900D7B1F7</key>
		<dict>
			<key>isa</key>
			<string>PBXFileReference</string>
			<key>lastKnownFileType</key>
			<string>sourcecode.c.objc</string>
			<key>path</key>
			<string>main.m</string>
			<key>sourceTree</key>
			<string>&lt;group&gt;</string>
		</dict>
		<key>9208C465162C547900D7B1F7</key>
		<dict>
			<key>fileRef</key>
			<string>9208C464162C547900D7B1F7</string>
			<key>isa</key>
			<string>PBXBuildFile</string>
		</dict>
		<key>9208C466162C547900D7B1F7</key>
		<dict>
			<key>isa</key>
			<string>PBXFileReference</string>
			<key>lastKnownFileType</key>
			<string>sourcecode.c.h</string>
			<key>path</key>
			<string>PAPasscode Example-Prefix.pch</string>
			<key>sourceTree</key>
			<string>&lt;group&gt;</string>
		</dict>
		<key>9208C467162C547900D7B1F7</key>
		<dict>
			<key>isa</key>
			<string>PBXFileReference</string>
			<key>lastKnownFileType</key>
			<string>sourcecode.c.h</string>
			<key>path</key>
			<string>AppDelegate.h</string>
			<key>sourceTree</key>
			<string>&lt;group&gt;</string>
		</dict>
		<key>9208C468162C547900D7B1F7</key>
		<dict>
			<key>isa</key>
			<string>PBXFileReference</string>
			<key>lastKnownFileType</key>
			<string>sourcecode.c.objc</string>
			<key>path</key>
			<string>AppDelegate.m</string>
			<key>sourceTree</key>
			<string>&lt;group&gt;</string>
		</dict>
		<key>9208C469162C547900D7B1F7</key>
		<dict>
			<key>fileRef</key>
			<string>9208C468162C547900D7B1F7</string>
			<key>isa</key>
			<string>PBXBuildFile</string>
		</dict>
		<key>9208C46A162C547900D7B1F7</key>
		<dict>
			<key>isa</key>
			<string>PBXFileReference</string>
			<key>lastKnownFileType</key>
			<string>image.png</string>
			<key>path</key>
			<string>Default.png</string>
			<key>sourceTree</key>
			<string>&lt;group&gt;</string>
		</dict>
		<key>9208C46B162C547900D7B1F7</key>
		<dict>
			<key>fileRef</key>
			<string>9208C46A162C547900D7B1F7</string>
			<key>isa</key>
			<string>PBXBuildFile</string>
		</dict>
		<key>9208C46C162C547900D7B1F7</key>
		<dict>
			<key>isa</key>
			<string>PBXFileReference</string>
			<key>lastKnownFileType</key>
			<string>image.png</string>
			<key>path</key>
			<string>Default@2x.png</string>
			<key>sourceTree</key>
			<string>&lt;group&gt;</string>
		</dict>
		<key>9208C46D162C547900D7B1F7</key>
		<dict>
			<key>fileRef</key>
			<string>9208C46C162C547900D7B1F7</string>
			<key>isa</key>
			<string>PBXBuildFile</string>
		</dict>
		<key>9208C46E162C547900D7B1F7</key>
		<dict>
			<key>isa</key>
			<string>PBXFileReference</string>
			<key>lastKnownFileType</key>
			<string>image.png</string>
			<key>path</key>
			<string>Default-568h@2x.png</string>
			<key>sourceTree</key>
			<string>&lt;group&gt;</string>
		</dict>
		<key>9208C46F162C547900D7B1F7</key>
		<dict>
			<key>fileRef</key>
			<string>9208C46E162C547900D7B1F7</string>
			<key>isa</key>
			<string>PBXBuildFile</string>
		</dict>
		<key>9208C470162C547900D7B1F7</key>
		<dict>
			<key>isa</key>
			<string>PBXFileReference</string>
			<key>lastKnownFileType</key>
			<string>sourcecode.c.h</string>
			<key>path</key>
			<string>ViewController.h</string>
			<key>sourceTree</key>
			<string>&lt;group&gt;</string>
		</dict>
		<key>9208C471162C547900D7B1F7</key>
		<dict>
			<key>isa</key>
			<string>PBXFileReference</string>
			<key>lastKnownFileType</key>
			<string>sourcecode.c.objc</string>
			<key>path</key>
			<string>ViewController.m</string>
			<key>sourceTree</key>
			<string>&lt;group&gt;</string>
		</dict>
		<key>9208C472162C547900D7B1F7</key>
		<dict>
			<key>fileRef</key>
			<string>9208C471162C547900D7B1F7</string>
			<key>isa</key>
			<string>PBXBuildFile</string>
		</dict>
		<key>9208C473162C547900D7B1F7</key>
		<dict>
			<key>children</key>
			<array>
				<string>9208C474162C547900D7B1F7</string>
			</array>
			<key>isa</key>
			<string>PBXVariantGroup</string>
			<key>name</key>
			<string>ViewController_iPhone.xib</string>
			<key>sourceTree</key>
			<string>&lt;group&gt;</string>
		</dict>
		<key>9208C474162C547900D7B1F7</key>
		<dict>
			<key>isa</key>
			<string>PBXFileReference</string>
			<key>lastKnownFileType</key>
			<string>file.xib</string>
			<key>name</key>
			<string>en</string>
			<key>path</key>
			<string>en.lproj/ViewController_iPhone.xib</string>
			<key>sourceTree</key>
			<string>&lt;group&gt;</string>
		</dict>
		<key>9208C475162C547900D7B1F7</key>
		<dict>
			<key>fileRef</key>
			<string>9208C473162C547900D7B1F7</string>
			<key>isa</key>
			<string>PBXBuildFile</string>
		</dict>
		<key>9208C476162C547900D7B1F7</key>
		<dict>
			<key>children</key>
			<array>
				<string>9208C477162C547900D7B1F7</string>
			</array>
			<key>isa</key>
			<string>PBXVariantGroup</string>
			<key>name</key>
			<string>ViewController_iPad.xib</string>
			<key>sourceTree</key>
			<string>&lt;group&gt;</string>
		</dict>
		<key>9208C477162C547900D7B1F7</key>
		<dict>
			<key>isa</key>
			<string>PBXFileReference</string>
			<key>lastKnownFileType</key>
			<string>file.xib</string>
			<key>name</key>
			<string>en</string>
			<key>path</key>
			<string>en.lproj/ViewController_iPad.xib</string>
			<key>sourceTree</key>
			<string>&lt;group&gt;</string>
		</dict>
		<key>9208C478162C547900D7B1F7</key>
		<dict>
			<key>fileRef</key>
			<string>9208C476162C547900D7B1F7</string>
			<key>isa</key>
			<string>PBXBuildFile</string>
		</dict>
		<key>9208C47F162C547900D7B1F7</key>
		<dict>
			<key>isa</key>
			<string>PBXFileReference</string>
			<key>lastKnownFileType</key>
			<string>wrapper.framework</string>
			<key>name</key>
			<string>SenTestingKit.framework</string>
			<key>path</key>
			<string>Library/Frameworks/SenTestingKit.framework</string>
			<key>sourceTree</key>
			<string>DEVELOPER_DIR</string>
		</dict>
		<key>9208C48E162C547900D7B1F7</key>
		<dict>
			<key>buildSettings</key>
			<dict>
				<key>ALWAYS_SEARCH_USER_PATHS</key>
				<string>NO</string>
				<key>CLANG_CXX_LANGUAGE_STANDARD</key>
				<string>gnu++0x</string>
				<key>CLANG_CXX_LIBRARY</key>
				<string>libc++</string>
				<key>CLANG_ENABLE_OBJC_ARC</key>
				<string>YES</string>
				<key>CLANG_WARN_EMPTY_BODY</key>
				<string>YES</string>
				<key>CLANG_WARN__DUPLICATE_METHOD_MATCH</key>
				<string>YES</string>
				<key>CODE_SIGN_IDENTITY[sdk=iphoneos*]</key>
				<string>iPhone Developer</string>
				<key>COPY_PHASE_STRIP</key>
				<string>NO</string>
				<key>GCC_C_LANGUAGE_STANDARD</key>
				<string>gnu99</string>
				<key>GCC_DYNAMIC_NO_PIC</key>
				<string>NO</string>
				<key>GCC_OPTIMIZATION_LEVEL</key>
				<string>0</string>
				<key>GCC_PREPROCESSOR_DEFINITIONS</key>
				<array>
					<string>DEBUG=1</string>
					<string>$(inherited)</string>
				</array>
				<key>GCC_SYMBOLS_PRIVATE_EXTERN</key>
				<string>NO</string>
				<key>GCC_WARN_ABOUT_RETURN_TYPE</key>
				<string>YES</string>
				<key>GCC_WARN_UNINITIALIZED_AUTOS</key>
				<string>YES</string>
				<key>GCC_WARN_UNUSED_VARIABLE</key>
				<string>YES</string>
				<key>IPHONEOS_DEPLOYMENT_TARGET</key>
				<string>5.0</string>
				<key>ONLY_ACTIVE_ARCH</key>
				<string>YES</string>
				<key>SDKROOT</key>
				<string>iphoneos</string>
				<key>TARGETED_DEVICE_FAMILY</key>
				<string>1,2</string>
			</dict>
			<key>isa</key>
			<string>XCBuildConfiguration</string>
			<key>name</key>
			<string>Debug</string>
		</dict>
		<key>9208C48F162C547900D7B1F7</key>
		<dict>
			<key>buildSettings</key>
			<dict>
				<key>ALWAYS_SEARCH_USER_PATHS</key>
				<string>NO</string>
				<key>CLANG_CXX_LANGUAGE_STANDARD</key>
				<string>gnu++0x</string>
				<key>CLANG_CXX_LIBRARY</key>
				<string>libc++</string>
				<key>CLANG_ENABLE_OBJC_ARC</key>
				<string>YES</string>
				<key>CLANG_WARN_EMPTY_BODY</key>
				<string>YES</string>
				<key>CLANG_WARN__DUPLICATE_METHOD_MATCH</key>
				<string>YES</string>
				<key>CODE_SIGN_IDENTITY[sdk=iphoneos*]</key>
				<string>iPhone Developer</string>
				<key>COPY_PHASE_STRIP</key>
				<string>YES</string>
				<key>GCC_C_LANGUAGE_STANDARD</key>
				<string>gnu99</string>
				<key>GCC_WARN_ABOUT_RETURN_TYPE</key>
				<string>YES</string>
				<key>GCC_WARN_UNINITIALIZED_AUTOS</key>
				<string>YES</string>
				<key>GCC_WARN_UNUSED_VARIABLE</key>
				<string>YES</string>
				<key>IPHONEOS_DEPLOYMENT_TARGET</key>
				<string>5.0</string>
				<key>OTHER_CFLAGS</key>
				<string>-DNS_BLOCK_ASSERTIONS=1</string>
				<key>SDKROOT</key>
				<string>iphoneos</string>
				<key>TARGETED_DEVICE_FAMILY</key>
				<string>1,2</string>
				<key>VALIDATE_PRODUCT</key>
				<string>YES</string>
			</dict>
			<key>isa</key>
			<string>XCBuildConfiguration</string>
			<key>name</key>
			<string>Release</string>
		</dict>
		<key>9208C490162C547900D7B1F7</key>
		<dict>
			<key>buildConfigurations</key>
			<array>
				<string>9208C491162C547900D7B1F7</string>
				<string>9208C492162C547900D7B1F7</string>
			</array>
			<key>defaultConfigurationIsVisible</key>
			<string>0</string>
			<key>defaultConfigurationName</key>
			<string>Release</string>
			<key>isa</key>
			<string>XCConfigurationList</string>
		</dict>
		<key>9208C491162C547900D7B1F7</key>
		<dict>
			<key>baseConfigurationReference</key>
			<string>06848AD563EA471D848931FE</string>
			<key>buildSettings</key>
			<dict>
				<key>GCC_PRECOMPILE_PREFIX_HEADER</key>
				<string>YES</string>
				<key>GCC_PREFIX_HEADER</key>
				<string>PAPasscode Example/PAPasscode Example-Prefix.pch</string>
				<key>INFOPLIST_FILE</key>
				<string>PAPasscode Example/PAPasscode Example-Info.plist</string>
				<key>PRODUCT_NAME</key>
				<string>$(TARGET_NAME)</string>
				<key>WRAPPER_EXTENSION</key>
				<string>app</string>
			</dict>
			<key>isa</key>
			<string>XCBuildConfiguration</string>
			<key>name</key>
			<string>Debug</string>
		</dict>
		<key>9208C492162C547900D7B1F7</key>
		<dict>
			<key>baseConfigurationReference</key>
			<string>06848AD563EA471D848931FE</string>
			<key>buildSettings</key>
			<dict>
				<key>GCC_PRECOMPILE_PREFIX_HEADER</key>
				<string>YES</string>
				<key>GCC_PREFIX_HEADER</key>
				<string>PAPasscode Example/PAPasscode Example-Prefix.pch</string>
				<key>INFOPLIST_FILE</key>
				<string>PAPasscode Example/PAPasscode Example-Info.plist</string>
				<key>PRODUCT_NAME</key>
				<string>$(TARGET_NAME)</string>
				<key>WRAPPER_EXTENSION</key>
				<string>app</string>
			</dict>
			<key>isa</key>
			<string>XCBuildConfiguration</string>
			<key>name</key>
			<string>Release</string>
		</dict>
		<key>92471366162CB60D0085CDA3</key>
		<dict>
			<key>isa</key>
			<string>PBXFileReference</string>
			<key>lastKnownFileType</key>
			<string>wrapper.framework</string>
			<key>name</key>
			<string>QuartzCore.framework</string>
			<key>path</key>
			<string>System/Library/Frameworks/QuartzCore.framework</string>
			<key>sourceTree</key>
			<string>SDKROOT</string>
		</dict>
		<key>92471367162CB60D0085CDA3</key>
		<dict>
			<key>fileRef</key>
			<string>92471366162CB60D0085CDA3</string>
			<key>isa</key>
			<string>PBXBuildFile</string>
		</dict>
		<key>9247136D162CCA6F0085CDA3</key>
		<dict>
			<key>children</key>
			<array>
				<string>92471371162CCAB30085CDA3</string>
				<string>92471372162CCAB30085CDA3</string>
				<string>92471373162CCAB30085CDA3</string>
				<string>92471374162CCAB30085CDA3</string>
				<string>92471375162CCAB30085CDA3</string>
				<string>92471376162CCAB30085CDA3</string>
				<string>9247136E162CCA890085CDA3</string>
				<string>9247136F162CCA890085CDA3</string>
				<string>6C99621A18BF9EBF00020723</string>
				<string>6C99621B18BF9EBF00020723</string>
			</array>
			<key>isa</key>
			<string>PBXGroup</string>
			<key>name</key>
			<string>PAPasscode</string>
			<key>sourceTree</key>
			<string>&lt;group&gt;</string>
		</dict>
		<key>9247136E162CCA890085CDA3</key>
		<dict>
			<key>fileEncoding</key>
			<string>4</string>
			<key>isa</key>
			<string>PBXFileReference</string>
			<key>lastKnownFileType</key>
			<string>sourcecode.c.h</string>
			<key>name</key>
			<string>PAPasscodeViewController.h</string>
			<key>path</key>
			<string>../../PAPasscode/PAPasscodeViewController.h</string>
			<key>sourceTree</key>
			<string>&lt;group&gt;</string>
		</dict>
		<key>9247136F162CCA890085CDA3</key>
		<dict>
			<key>fileEncoding</key>
			<string>4</string>
			<key>isa</key>
			<string>PBXFileReference</string>
			<key>lastKnownFileType</key>
			<string>sourcecode.c.objc</string>
			<key>name</key>
			<string>PAPasscodeViewController.m</string>
			<key>path</key>
			<string>../../PAPasscode/PAPasscodeViewController.m</string>
			<key>sourceTree</key>
			<string>&lt;group&gt;</string>
		</dict>
		<key>92471370162CCA890085CDA3</key>
		<dict>
			<key>fileRef</key>
			<string>9247136F162CCA890085CDA3</string>
			<key>isa</key>
			<string>PBXBuildFile</string>
		</dict>
		<key>92471371162CCAB30085CDA3</key>
		<dict>
			<key>isa</key>
			<string>PBXFileReference</string>
			<key>lastKnownFileType</key>
			<string>image.png</string>
			<key>name</key>
			<string>papasscode_background.png</string>
			<key>path</key>
			<string>../../Assets/papasscode_background.png</string>
			<key>sourceTree</key>
			<string>&lt;group&gt;</string>
		</dict>
		<key>92471372162CCAB30085CDA3</key>
		<dict>
			<key>isa</key>
			<string>PBXFileReference</string>
			<key>lastKnownFileType</key>
			<string>image.png</string>
			<key>name</key>
			<string>papasscode_background@2x.png</string>
			<key>path</key>
			<string>../../Assets/papasscode_background@2x.png</string>
			<key>sourceTree</key>
			<string>&lt;group&gt;</string>
		</dict>
		<key>92471373162CCAB30085CDA3</key>
		<dict>
			<key>isa</key>
			<string>PBXFileReference</string>
			<key>lastKnownFileType</key>
			<string>image.png</string>
			<key>name</key>
			<string>papasscode_failed_bg.png</string>
			<key>path</key>
			<string>../../Assets/papasscode_failed_bg.png</string>
			<key>sourceTree</key>
			<string>&lt;group&gt;</string>
		</dict>
		<key>92471374162CCAB30085CDA3</key>
		<dict>
			<key>isa</key>
			<string>PBXFileReference</string>
			<key>lastKnownFileType</key>
			<string>image.png</string>
			<key>name</key>
			<string>papasscode_failed_bg@2x.png</string>
			<key>path</key>
			<string>../../Assets/papasscode_failed_bg@2x.png</string>
			<key>sourceTree</key>
			<string>&lt;group&gt;</string>
		</dict>
		<key>92471375162CCAB30085CDA3</key>
		<dict>
			<key>isa</key>
			<string>PBXFileReference</string>
			<key>lastKnownFileType</key>
			<string>image.png</string>
			<key>name</key>
			<string>papasscode_marker.png</string>
			<key>path</key>
			<string>../../Assets/papasscode_marker.png</string>
			<key>sourceTree</key>
			<string>&lt;group&gt;</string>
		</dict>
		<key>92471376162CCAB30085CDA3</key>
		<dict>
			<key>isa</key>
			<string>PBXFileReference</string>
			<key>lastKnownFileType</key>
			<string>image.png</string>
			<key>name</key>
			<string>papasscode_marker@2x.png</string>
			<key>path</key>
			<string>../../Assets/papasscode_marker@2x.png</string>
			<key>sourceTree</key>
			<string>&lt;group&gt;</string>
		</dict>
		<key>92471377162CCAB30085CDA3</key>
		<dict>
			<key>fileRef</key>
			<string>92471371162CCAB30085CDA3</string>
			<key>isa</key>
			<string>PBXBuildFile</string>
		</dict>
		<key>92471378162CCAB30085CDA3</key>
		<dict>
			<key>fileRef</key>
			<string>92471372162CCAB30085CDA3</string>
			<key>isa</key>
			<string>PBXBuildFile</string>
		</dict>
		<key>92471379162CCAB30085CDA3</key>
		<dict>
			<key>fileRef</key>
			<string>92471373162CCAB30085CDA3</string>
			<key>isa</key>
			<string>PBXBuildFile</string>
		</dict>
		<key>9247137A162CCAB30085CDA3</key>
		<dict>
			<key>fileRef</key>
			<string>92471374162CCAB30085CDA3</string>
			<key>isa</key>
			<string>PBXBuildFile</string>
		</dict>
		<key>9247137B162CCAB30085CDA3</key>
		<dict>
			<key>fileRef</key>
			<string>92471375162CCAB30085CDA3</string>
			<key>isa</key>
			<string>PBXBuildFile</string>
		</dict>
		<key>9247137C162CCAB30085CDA3</key>
		<dict>
			<key>fileRef</key>
			<string>92471376162CCAB30085CDA3</string>
			<key>isa</key>
			<string>PBXBuildFile</string>
		</dict>
		<key>A7AD5CA4943444B2BB46D432</key>
		<dict>
			<key>buildActionMask</key>
			<string>2147483647</string>
			<key>files</key>
			<array/>
			<key>inputPaths</key>
			<array/>
			<key>isa</key>
			<string>PBXShellScriptBuildPhase</string>
			<key>name</key>
			<string>Check Pods Manifest.lock</string>
			<key>outputPaths</key>
			<array/>
			<key>runOnlyForDeploymentPostprocessing</key>
			<string>0</string>
			<key>shellPath</key>
			<string>/bin/sh</string>
			<key>shellScript</key>
			<string>diff "${PODS_ROOT}/../Podfile.lock" "${PODS_ROOT}/Manifest.lock" &gt; /dev/null
if [[ $? != 0 ]] ; then
    cat &lt;&lt; EOM
error: The sandbox is not in sync with the Podfile.lock. Run 'pod install' or update your CocoaPods installation.
EOM
    exit 1
fi
</string>
			<key>showEnvVarsInLog</key>
			<string>0</string>
		</dict>
		<key>C0122EDFD330450B99AF9DBF</key>
		<dict>
			<key>fileRef</key>
			<string>165D81BC23F54BEEAC5A6645</string>
			<key>isa</key>
			<string>PBXBuildFile</string>
		</dict>
	</dict>
	<key>rootObject</key>
	<string>9208C44B162C547900D7B1F7</string>
</dict>
</plist>
